# This file is autogenerated, do not edit; changes may be undone by the next 'dep ensure'.


[[projects]]
  branch = "master"
  name = "github.com/influx6/faux"
  packages = [
    "pools/pbytes",
    "tests"
  ]
  revision = "cd225fdc444828ba27414911549b34db06b0abc4"

[solve-meta]
  analyzer-name = "dep"
  analyzer-version = 1
  inputs-digest = "bf9ae686289c00780b342af4b7c3927d09f1261383e3d59e81ff80671bfa1e74"
  solver-name = "gps-cdcl"
  solver-version = 1
